
Microsoft Visual Studio Solution File, Format Version 12.00
# Visual Studio Version 16
VisualStudioVersion = 16.0.31729.503
MinimumVisualStudioVersion = 10.0.40219.1
Project("{FAE04EC0-301F-11D3-BF4B-00C04F79EFBC}") = "IndianStatesCensusAnalyzing", "IndianStatesCensusAnalyzing.csproj", "{ADEE9344-8AF9-4560-9FD6-15CC9C8B79BD}"
EndProject
Project("{FAE04EC0-301F-11D3-BF4B-00C04F79EFBC}") = "StateCensusAnalyzerTestCases", "..\StateCensusAnalyzerTestCases\StateCensusAnalyzerTestCases.csproj", "{A59776E9-D0BB-4D08-9686-B79ABB427F50}"
EndProject
Global
	GlobalSection(SolutionConfigurationPlatforms) = preSolution
		Debug|Any CPU = Debug|Any CPU
		Release|Any CPU = Release|Any CPU
	EndGlobalSection
	GlobalSection(ProjectConfigurationPlatforms) = postSolution
		{ADEE9344-8AF9-4560-9FD6-15CC9C8B79BD}.Debug|Any CPU.ActiveCfg = Debug|Any CPU
		{ADEE9344-8AF9-4560-9FD6-15CC9C8B79BD}.Debug|Any CPU.Build.0 = Debug|Any CPU
		{ADEE9344-8AF9-4560-9FD6-15CC9C8B79BD}.Release|Any CPU.ActiveCfg = Release|Any CPU
		{ADEE9344-8AF9-4560-9FD6-15CC9C8B79BD}.Release|Any CPU.Build.0 = Release|Any CPU
		{A59776E9-D0BB-4D08-9686-B79ABB427F50}.Debug|Any CPU.ActiveCfg = Debug|Any CPU
		{A59776E9-D0BB-4D08-9686-B79ABB427F50}.Debug|Any CPU.Build.0 = Debug|Any CPU
		{A59776E9-D0BB-4D08-9686-B79ABB427F50}.Release|Any CPU.ActiveCfg = Release|Any CPU
		{A59776E9-D0BB-4D08-9686-B79ABB427F50}.Release|Any CPU.Build.0 = Release|Any CPU
	EndGlobalSection
	GlobalSection(SolutionProperties) = preSolution
		HideSolutionNode = FALSE
	EndGlobalSection
	GlobalSection(ExtensibilityGlobals) = postSolution
		SolutionGuid = {597CFC22-EBF1-405D-A224-2B313F430B7D}
	EndGlobalSection
EndGlobal
